
Microsoft Visual Studio Solution File, Format Version 12.00
# Visual Studio Version 16
VisualStudioVersion = 16.0.29609.76
MinimumVisualStudioVersion = 10.0.40219.1
Project("{FAE04EC0-301F-11D3-BF4B-00C04F79EFBC}") = "CSURToolBox", "CSURToolBox.csproj", "{9E3DD57A-8341-4A54-B4E9-599650693A4F}"
EndProject
Global
	GlobalSection(SolutionConfigurationPlatforms) = preSolution
		Debug|Any CPU = Debug|Any CPU
		Release|Any CPU = Release|Any CPU
	EndGlobalSection
	GlobalSection(ProjectConfigurationPlatforms) = postSolution
		{9E3DD57A-8341-4A54-B4E9-599650693A4F}.Debug|Any CPU.ActiveCfg = Debug|Any CPU
		{9E3DD57A-8341-4A54-B4E9-599650693A4F}.Debug|Any CPU.Build.0 = Debug|Any CPU
		{9E3DD57A-8341-4A54-B4E9-599650693A4F}.Release|Any CPU.ActiveCfg = Release|Any CPU
		{9E3DD57A-8341-4A54-B4E9-599650693A4F}.Release|Any CPU.Build.0 = Release|Any CPU
	EndGlobalSection
	GlobalSection(SolutionProperties) = preSolution
		HideSolutionNode = FALSE
	EndGlobalSection
	GlobalSection(ExtensibilityGlobals) = postSolution
		SolutionGuid = {DA868985-34DF-467A-A534-FE24BC694DFA}
	EndGlobalSection
EndGlobal
